schema: '2.0'
stages:
  data_ingestion:
    cmd: python src/data_ingestion.py
    deps:
    - path: src/data_ingestion.py
      hash: md5
      md5: 6ce66eec71f47d248c24155b3b38ad29
      size: 6067
    params:
      params.yaml:
        data_ingestion.random_state: 42
        data_ingestion.test_size: 0.1
        data_ingestion.validation_size: 0.15
    outs:
    - path: data/raw
      hash: md5
      md5: 6a104f13aa17ce27eb6fa433219b36be.dir
      size: 6874661
      nfiles: 3
  data_preprocessing:
    cmd: python src/data_preprocessing.py
    deps:
    - path: data/raw/test.csv
      hash: md5
      md5: b20e475038458ba592916cd4916f75ae
      size: 636802
    - path: data/raw/train.csv
      hash: md5
      md5: 7a55260d2fc602402118c25ceafadd82
      size: 5228220
    - path: data/raw/validation.csv
      hash: md5
      md5: 076b2327f256dd7e99501adc79bc9a74
      size: 1009639
    - path: src/data_preprocessing.py
      hash: md5
      md5: 085f75a1ac88f71f830f2e31c3f35bdf
      size: 3718
    outs:
    - path: data/interim
      hash: md5
      md5: 428d9d3b8745d10c0e5f14816facfd9b.dir
      size: 5981776
      nfiles: 3
  feature_extraction:
    cmd: python src/feature_extraction.py
    deps:
    - path: data/interim/train_processed.csv
      hash: md5
      md5: 2282dea6fb5f8d7819c3d2d51bf57605
      size: 4539269
    - path: src/feature_extraction.py
      hash: md5
      md5: fe3a632b9fffe9b6099bf61066b4f511
      size: 3364
    outs:
    - path: data/processed
      hash: md5
      md5: 66c6dce950f7ed85234f5320873c82d5.dir
      size: 1042985602
      nfiles: 1
    - path: models
      hash: md5
      md5: 31444c544d02834173a682a1e036434b.dir
      size: 356552
      nfiles: 1
  model_building:
    cmd: python src/model_building.py
    deps:
    - path: data/processed
      hash: md5
      md5: 66c6dce950f7ed85234f5320873c82d5.dir
      size: 1042985602
      nfiles: 1
    - path: src/model_building.py
      hash: md5
      md5: 0b5c2f45615db295419b3cf325747e8e
      size: 3099
    params:
      params.yaml:
        model_building.class_weight: balanced
        model_building.colsample_bytree: 0.7616387832635141
        model_building.learning_rate: 0.040414882180645394
        model_building.max_depth: 11
        model_building.min_child_samples: 23
        model_building.n_estimators: 980
        model_building.num_class: 3
        model_building.num_leaves: 79
        model_building.objective: multiclass
        model_building.random_state: 42
        model_building.reg_alpha: 1.8391205366209559e-06
        model_building.reg_lambda: 0.0005919096233992369
        model_building.subsample: 0.9653126342291365
